lockfileVersion: '6.0'

devDependencies:
  '@wangeditor/editor-for-vue':
    specifier: ^1.0.2
    version: 1.0.2(@wangeditor/editor@5.1.23)(vue@2.7.14)
  sass:
    specifier: ^1.66.1
    version: 1.66.1
  sass-loader:
    specifier: ^13.3.2
    version: 13.3.2(sass@1.66.1)(webpack@5.88.2)

packages:

  /@babel/helper-string-parser@7.22.5:
    resolution: {integrity: sha512-mM4COjgZox8U+JcXQwPijIZLElkgEpO5rsERVDJTc2qfCDfERyob6k5WegS14SX18IIjv+XD+GrqNumY5JRCDw==}
    engines: {node: '>=6.9.0'}
    dev: true

  /@babel/helper-validator-identifier@7.22.5:
    resolution: {integrity: sha512-aJXu+6lErq8ltp+JhkJUfk1MTGyuA4v7f3pA+BJ5HLfNC6nAQ0Cpi9uOquUj8Hehg0aUiHzWQbOVJGao6ztBAQ==}
    engines: {node: '>=6.9.0'}
    dev: true

  /@babel/parser@7.22.11:
    resolution: {integrity: sha512-R5zb8eJIBPJriQtbH/htEQy4k7E2dHWlD2Y2VT07JCzwYZHBxV5ZYtM0UhXSNMT74LyxuM+b1jdL7pSesXbC/g==}
    engines: {node: '>=6.0.0'}
    hasBin: true
    dependencies:
      '@babel/types': 7.22.11
    dev: true

  /@babel/runtime@7.22.11:
    resolution: {integrity: sha512-ee7jVNlWN09+KftVOu9n7S8gQzD/Z6hN/I8VBRXW4P1+Xe7kJGXMwu8vds4aGIMHZnNbdpSWCfZZtinytpcAvA==}
    engines: {node: '>=6.9.0'}
    dependencies:
      regenerator-runtime: 0.14.0
    dev: true

  /@babel/types@7.22.11:
    resolution: {integrity: sha512-siazHiGuZRz9aB9NpHy9GOs9xiQPKnMzgdr493iI1M67vRXpnEq8ZOOKzezC5q7zwuQ6sDhdSp4SD9ixKSqKZg==}
    engines: {node: '>=6.9.0'}
    dependencies:
      '@babel/helper-string-parser': 7.22.5
      '@babel/helper-validator-identifier': 7.22.5
      to-fast-properties: 2.0.0
    dev: true

  /@jridgewell/gen-mapping@0.3.3:
    resolution: {integrity: sha512-HLhSWOLRi875zjjMG/r+Nv0oCW8umGb0BgEhyX3dDX3egwZtB8PqLnjz3yedt8R5StBrzcg4aBpnh8UA9D1BoQ==}
    engines: {node: '>=6.0.0'}
    dependencies:
      '@jridgewell/set-array': 1.1.2
      '@jridgewell/sourcemap-codec': 1.4.15
      '@jridgewell/trace-mapping': 0.3.19
    dev: true

  /@jridgewell/resolve-uri@3.1.1:
    resolution: {integrity: sha512-dSYZh7HhCDtCKm4QakX0xFpsRDqjjtZf/kjI/v3T3Nwt5r8/qz/M19F9ySyOqU94SXBmeG9ttTul+YnR4LOxFA==}
    engines: {node: '>=6.0.0'}
    dev: true

  /@jridgewell/set-array@1.1.2:
    resolution: {integrity: sha512-xnkseuNADM0gt2bs+BvhO0p78Mk762YnZdsuzFV018NoG1Sj1SCQvpSqa7XUaTam5vAGasABV9qXASMKnFMwMw==}
    engines: {node: '>=6.0.0'}
    dev: true

  /@jridgewell/source-map@0.3.5:
    resolution: {integrity: sha512-UTYAUj/wviwdsMfzoSJspJxbkH5o1snzwX0//0ENX1u/55kkZZkcTZP6u9bwKGkv+dkk9at4m1Cpt0uY80kcpQ==}
    dependencies:
      '@jridgewell/gen-mapping': 0.3.3
      '@jridgewell/trace-mapping': 0.3.19
    dev: true

  /@jridgewell/sourcemap-codec@1.4.15:
    resolution: {integrity: sha512-eF2rxCRulEKXHTRiDrDy6erMYWqNw4LPdQ8UQA4huuxaQsVeRPFl2oM8oDGxMFhJUWZf9McpLtJasDDZb/Bpeg==}
    dev: true

  /@jridgewell/trace-mapping@0.3.19:
    resolution: {integrity: sha512-kf37QtfW+Hwx/buWGMPcR60iF9ziHa6r/CZJIHbmcm4+0qrXiVdxegAH0F6yddEVQ7zdkjcGCgCzUu+BcbhQxw==}
    dependencies:
      '@jridgewell/resolve-uri': 3.1.1
      '@jridgewell/sourcemap-codec': 1.4.15
    dev: true

  /@transloadit/prettier-bytes@0.0.7:
    resolution: {integrity: sha512-VeJbUb0wEKbcwaSlj5n+LscBl9IPgLPkHVGBkh00cztv6X4L/TJXK58LzFuBKX7/GAfiGhIwH67YTLTlzvIzBA==}
    dev: true

  /@types/eslint-scope@3.7.4:
    resolution: {integrity: sha512-9K4zoImiZc3HlIp6AVUDE4CWYx22a+lhSZMYNpbjW04+YF0KWj4pJXnEMjdnFTiQibFFmElcsasJXDbdI/EPhA==}
    dependencies:
      '@types/eslint': 8.44.2
      '@types/estree': 1.0.1
    dev: true

  /@types/eslint@8.44.2:
    resolution: {integrity: sha512-sdPRb9K6iL5XZOmBubg8yiFp5yS/JdUDQsq5e6h95km91MCYMuvp7mh1fjPEYUhvHepKpZOjnEaMBR4PxjWDzg==}
    dependencies:
      '@types/estree': 1.0.1
      '@types/json-schema': 7.0.12
    dev: true

  /@types/estree@1.0.1:
    resolution: {integrity: sha512-LG4opVs2ANWZ1TJoKc937iMmNstM/d0ae1vNbnBvBhqCSezgVUOzcLCqbI5elV8Vy6WKwKjaqR+zO9VKirBBCA==}
    dev: true

  /@types/event-emitter@0.3.3:
    resolution: {integrity: sha512-UfnOK1pIxO7P+EgPRZXD9jMpimd8QEFcEZ5R67R1UhGbv4zghU5+NE7U8M8G9H5Jc8FI51rqDWQs6FtUfq2e/Q==}
    dev: true

  /@types/json-schema@7.0.12:
    resolution: {integrity: sha512-Hr5Jfhc9eYOQNPYO5WLDq/n4jqijdHNlDXjuAQkkt+mWdQR+XJToOHrsD4cPaMXpn6KO7y2+wM8AZEs8VpBLVA==}
    dev: true

  /@types/node@20.5.6:
    resolution: {integrity: sha512-Gi5wRGPbbyOTX+4Y2iULQ27oUPrefaB0PxGQJnfyWN3kvEDGM3mIB5M/gQLmitZf7A9FmLeaqxD3L1CXpm3VKQ==}
    dev: true

  /@uppy/companion-client@2.2.2:
    resolution: {integrity: sha512-5mTp2iq97/mYSisMaBtFRry6PTgZA6SIL7LePteOV5x0/DxKfrZW3DEiQERJmYpHzy7k8johpm2gHnEKto56Og==}
    dependencies:
      '@uppy/utils': 4.1.3
      namespace-emitter: 2.0.1
    dev: true

  /@uppy/core@2.3.4:
    resolution: {integrity: sha512-iWAqppC8FD8mMVqewavCz+TNaet6HPXitmGXpGGREGrakZ4FeuWytVdrelydzTdXx6vVKkOmI2FLztGg73sENQ==}
    dependencies:
      '@transloadit/prettier-bytes': 0.0.7
      '@uppy/store-default': 2.1.1
      '@uppy/utils': 4.1.3
      lodash.throttle: 4.1.1
      mime-match: 1.0.2
      namespace-emitter: 2.0.1
      nanoid: 3.3.6
      preact: 10.17.1
    dev: true

  /@uppy/store-default@2.1.1:
    resolution: {integrity: sha512-xnpTxvot2SeAwGwbvmJ899ASk5tYXhmZzD/aCFsXePh/v8rNvR2pKlcQUH7cF/y4baUGq3FHO/daKCok/mpKqQ==}
    dev: true

  /@uppy/utils@4.1.3:
    resolution: {integrity: sha512-nTuMvwWYobnJcytDO3t+D6IkVq/Qs4Xv3vyoEZ+Iaf8gegZP+rEyoaFT2CK5XLRMienPyqRqNbIfRuFaOWSIFw==}
    dependencies:
      lodash.throttle: 4.1.1
    dev: true

  /@uppy/xhr-upload@2.1.3(@uppy/core@2.3.4):
    resolution: {integrity: sha512-YWOQ6myBVPs+mhNjfdWsQyMRWUlrDLMoaG7nvf/G6Y3GKZf8AyjFDjvvJ49XWQ+DaZOftGkHmF1uh/DBeGivJQ==}
    peerDependencies:
      '@uppy/core': ^2.3.3
    dependencies:
      '@uppy/companion-client': 2.2.2
      '@uppy/core': 2.3.4
      '@uppy/utils': 4.1.3
      nanoid: 3.3.6
    dev: true

  /@vue/compiler-sfc@2.7.14:
    resolution: {integrity: sha512-aNmNHyLPsw+sVvlQFQ2/8sjNuLtK54TC6cuKnVzAY93ks4ZBrvwQSnkkIh7bsbNhum5hJBS00wSDipQ937f5DA==}
    dependencies:
      '@babel/parser': 7.22.11
      postcss: 8.4.28
      source-map: 0.6.1
    dev: true

  /@wangeditor/basic-modules@1.1.7(@wangeditor/core@1.1.19)(dom7@3.0.0)(lodash.throttle@4.1.1)(nanoid@3.3.6)(slate@0.72.8)(snabbdom@3.5.1):
    resolution: {integrity: sha512-cY9CPkLJaqF05STqfpZKWG4LpxTMeGSIIF1fHvfm/mz+JXatCagjdkbxdikOuKYlxDdeqvOeBmsUBItufDLXZg==}
    peerDependencies:
      '@wangeditor/core': 1.x
      dom7: ^3.0.0
      lodash.throttle: ^4.1.1
      nanoid: ^3.2.0
      slate: ^0.72.0
      snabbdom: ^3.1.0
    dependencies:
      '@wangeditor/core': 1.1.19(@uppy/core@2.3.4)(@uppy/xhr-upload@2.1.3)(dom7@3.0.0)(is-hotkey@0.2.0)(lodash.camelcase@4.3.0)(lodash.clonedeep@4.5.0)(lodash.debounce@4.0.8)(lodash.foreach@4.5.0)(lodash.isequal@4.5.0)(lodash.throttle@4.1.1)(lodash.toarray@4.4.0)(nanoid@3.3.6)(slate@0.72.8)(snabbdom@3.5.1)
      dom7: 3.0.0
      is-url: 1.2.4
      lodash.throttle: 4.1.1
      nanoid: 3.3.6
      slate: 0.72.8
      snabbdom: 3.5.1
    dev: true

  /@wangeditor/code-highlight@1.0.3(@wangeditor/core@1.1.19)(dom7@3.0.0)(slate@0.72.8)(snabbdom@3.5.1):
    resolution: {integrity: sha512-iazHwO14XpCuIWJNTQTikqUhGKyqj+dUNWJ9288Oym9M2xMVHvnsOmDU2sgUDWVy+pOLojReMPgXCsvvNlOOhw==}
    peerDependencies:
      '@wangeditor/core': 1.x
      dom7: ^3.0.0
      slate: ^0.72.0
      snabbdom: ^3.1.0
    dependencies:
      '@wangeditor/core': 1.1.19(@uppy/core@2.3.4)(@uppy/xhr-upload@2.1.3)(dom7@3.0.0)(is-hotkey@0.2.0)(lodash.camelcase@4.3.0)(lodash.clonedeep@4.5.0)(lodash.debounce@4.0.8)(lodash.foreach@4.5.0)(lodash.isequal@4.5.0)(lodash.throttle@4.1.1)(lodash.toarray@4.4.0)(nanoid@3.3.6)(slate@0.72.8)(snabbdom@3.5.1)
      dom7: 3.0.0
      prismjs: 1.29.0
      slate: 0.72.8
      snabbdom: 3.5.1
    dev: true

  /@wangeditor/core@1.1.19(@uppy/core@2.3.4)(@uppy/xhr-upload@2.1.3)(dom7@3.0.0)(is-hotkey@0.2.0)(lodash.camelcase@4.3.0)(lodash.clonedeep@4.5.0)(lodash.debounce@4.0.8)(lodash.foreach@4.5.0)(lodash.isequal@4.5.0)(lodash.throttle@4.1.1)(lodash.toarray@4.4.0)(nanoid@3.3.6)(slate@0.72.8)(snabbdom@3.5.1):
    resolution: {integrity: sha512-KevkB47+7GhVszyYF2pKGKtCSj/YzmClsD03C3zTt+9SR2XWT5T0e3yQqg8baZpcMvkjs1D8Dv4fk8ok/UaS2Q==}
    peerDependencies:
      '@uppy/core': ^2.1.1
      '@uppy/xhr-upload': ^2.0.3
      dom7: ^3.0.0
      is-hotkey: ^0.2.0
      lodash.camelcase: ^4.3.0
      lodash.clonedeep: ^4.5.0
      lodash.debounce: ^4.0.8
      lodash.foreach: ^4.5.0
      lodash.isequal: ^4.5.0
      lodash.throttle: ^4.1.1
      lodash.toarray: ^4.4.0
      nanoid: ^3.2.0
      slate: ^0.72.0
      snabbdom: ^3.1.0
    dependencies:
      '@types/event-emitter': 0.3.3
      '@uppy/core': 2.3.4
      '@uppy/xhr-upload': 2.1.3(@uppy/core@2.3.4)
      dom7: 3.0.0
      event-emitter: 0.3.5
      html-void-elements: 2.0.1
      i18next: 20.6.1
      is-hotkey: 0.2.0
      lodash.camelcase: 4.3.0
      lodash.clonedeep: 4.5.0
      lodash.debounce: 4.0.8
      lodash.foreach: 4.5.0
      lodash.isequal: 4.5.0
      lodash.throttle: 4.1.1
      lodash.toarray: 4.4.0
      nanoid: 3.3.6
      scroll-into-view-if-needed: 2.2.31
      slate: 0.72.8
      slate-history: 0.66.0(slate@0.72.8)
      snabbdom: 3.5.1
    dev: true

  /@wangeditor/editor-for-vue@1.0.2(@wangeditor/editor@5.1.23)(vue@2.7.14):
    resolution: {integrity: sha512-BOENvAXJVtVXlE2X50AAvjV82YlCUeu5cbeR0cvEQHQjYtiVnJtq7HSoj85r2kTgGouI5OrpJG9BBEjSjUSPyA==}
    peerDependencies:
      '@wangeditor/editor': '>=5.1.0'
      vue: ^2.6.14
    dependencies:
      '@wangeditor/editor': 5.1.23
      vue: 2.7.14
    dev: true

  /@wangeditor/editor@5.1.23:
    resolution: {integrity: sha512-0RxfeVTuK1tktUaPROnCoFfaHVJpRAIE2zdS0mpP+vq1axVQpLjM8+fCvKzqYIkH0Pg+C+44hJpe3VVroSkEuQ==}
    dependencies:
      '@uppy/core': 2.3.4
      '@uppy/xhr-upload': 2.1.3(@uppy/core@2.3.4)
      '@wangeditor/basic-modules': 1.1.7(@wangeditor/core@1.1.19)(dom7@3.0.0)(lodash.throttle@4.1.1)(nanoid@3.3.6)(slate@0.72.8)(snabbdom@3.5.1)
      '@wangeditor/code-highlight': 1.0.3(@wangeditor/core@1.1.19)(dom7@3.0.0)(slate@0.72.8)(snabbdom@3.5.1)
      '@wangeditor/core': 1.1.19(@uppy/core@2.3.4)(@uppy/xhr-upload@2.1.3)(dom7@3.0.0)(is-hotkey@0.2.0)(lodash.camelcase@4.3.0)(lodash.clonedeep@4.5.0)(lodash.debounce@4.0.8)(lodash.foreach@4.5.0)(lodash.isequal@4.5.0)(lodash.throttle@4.1.1)(lodash.toarray@4.4.0)(nanoid@3.3.6)(slate@0.72.8)(snabbdom@3.5.1)
      '@wangeditor/list-module': 1.0.5(@wangeditor/core@1.1.19)(dom7@3.0.0)(slate@0.72.8)(snabbdom@3.5.1)
      '@wangeditor/table-module': 1.1.4(@wangeditor/core@1.1.19)(dom7@3.0.0)(lodash.isequal@4.5.0)(lodash.throttle@4.1.1)(nanoid@3.3.6)(slate@0.72.8)(snabbdom@3.5.1)
      '@wangeditor/upload-image-module': 1.0.2(@uppy/core@2.3.4)(@uppy/xhr-upload@2.1.3)(@wangeditor/basic-modules@1.1.7)(@wangeditor/core@1.1.19)(dom7@3.0.0)(lodash.foreach@4.5.0)(slate@0.72.8)(snabbdom@3.5.1)
      '@wangeditor/video-module': 1.1.4(@uppy/core@2.3.4)(@uppy/xhr-upload@2.1.3)(@wangeditor/core@1.1.19)(dom7@3.0.0)(nanoid@3.3.6)(slate@0.72.8)(snabbdom@3.5.1)
      dom7: 3.0.0
      is-hotkey: 0.2.0
      lodash.camelcase: 4.3.0
      lodash.clonedeep: 4.5.0
      lodash.debounce: 4.0.8
      lodash.foreach: 4.5.0
      lodash.isequal: 4.5.0
      lodash.throttle: 4.1.1
      lodash.toarray: 4.4.0
      nanoid: 3.3.6
      slate: 0.72.8
      snabbdom: 3.5.1
    dev: true

  /@wangeditor/list-module@1.0.5(@wangeditor/core@1.1.19)(dom7@3.0.0)(slate@0.72.8)(snabbdom@3.5.1):
    resolution: {integrity: sha512-uDuYTP6DVhcYf7mF1pTlmNn5jOb4QtcVhYwSSAkyg09zqxI1qBqsfUnveeDeDqIuptSJhkh81cyxi+MF8sEPOQ==}
    peerDependencies:
      '@wangeditor/core': 1.x
      dom7: ^3.0.0
      slate: ^0.72.0
      snabbdom: ^3.1.0
    dependencies:
      '@wangeditor/core': 1.1.19(@uppy/core@2.3.4)(@uppy/xhr-upload@2.1.3)(dom7@3.0.0)(is-hotkey@0.2.0)(lodash.camelcase@4.3.0)(lodash.clonedeep@4.5.0)(lodash.debounce@4.0.8)(lodash.foreach@4.5.0)(lodash.isequal@4.5.0)(lodash.throttle@4.1.1)(lodash.toarray@4.4.0)(nanoid@3.3.6)(slate@0.72.8)(snabbdom@3.5.1)
      dom7: 3.0.0
      slate: 0.72.8
      snabbdom: 3.5.1
    dev: true

  /@wangeditor/table-module@1.1.4(@wangeditor/core@1.1.19)(dom7@3.0.0)(lodash.isequal@4.5.0)(lodash.throttle@4.1.1)(nanoid@3.3.6)(slate@0.72.8)(snabbdom@3.5.1):
    resolution: {integrity: sha512-5saanU9xuEocxaemGdNi9t8MCDSucnykEC6jtuiT72kt+/Hhh4nERYx1J20OPsTCCdVr7hIyQenFD1iSRkIQ6w==}
    peerDependencies:
      '@wangeditor/core': 1.x
      dom7: ^3.0.0
      lodash.isequal: ^4.5.0
      lodash.throttle: ^4.1.1
      nanoid: ^3.2.0
      slate: ^0.72.0
      snabbdom: ^3.1.0
    dependencies:
      '@wangeditor/core': 1.1.19(@uppy/core@2.3.4)(@uppy/xhr-upload@2.1.3)(dom7@3.0.0)(is-hotkey@0.2.0)(lodash.camelcase@4.3.0)(lodash.clonedeep@4.5.0)(lodash.debounce@4.0.8)(lodash.foreach@4.5.0)(lodash.isequal@4.5.0)(lodash.throttle@4.1.1)(lodash.toarray@4.4.0)(nanoid@3.3.6)(slate@0.72.8)(snabbdom@3.5.1)
      dom7: 3.0.0
      lodash.isequal: 4.5.0
      lodash.throttle: 4.1.1
      nanoid: 3.3.6
      slate: 0.72.8
      snabbdom: 3.5.1
    dev: true

  /@wangeditor/upload-image-module@1.0.2(@uppy/core@2.3.4)(@uppy/xhr-upload@2.1.3)(@wangeditor/basic-modules@1.1.7)(@wangeditor/core@1.1.19)(dom7@3.0.0)(lodash.foreach@4.5.0)(slate@0.72.8)(snabbdom@3.5.1):
    resolution: {integrity: sha512-z81lk/v71OwPDYeQDxj6cVr81aDP90aFuywb8nPD6eQeECtOymrqRODjpO6VGvCVxVck8nUxBHtbxKtjgcwyiA==}
    peerDependencies:
      '@uppy/core': ^2.0.3
      '@uppy/xhr-upload': ^2.0.3
      '@wangeditor/basic-modules': 1.x
      '@wangeditor/core': 1.x
      dom7: ^3.0.0
      lodash.foreach: ^4.5.0
      slate: ^0.72.0
      snabbdom: ^3.1.0
    dependencies:
      '@uppy/core': 2.3.4
      '@uppy/xhr-upload': 2.1.3(@uppy/core@2.3.4)
      '@wangeditor/basic-modules': 1.1.7(@wangeditor/core@1.1.19)(dom7@3.0.0)(lodash.throttle@4.1.1)(nanoid@3.3.6)(slate@0.72.8)(snabbdom@3.5.1)
      '@wangeditor/core': 1.1.19(@uppy/core@2.3.4)(@uppy/xhr-upload@2.1.3)(dom7@3.0.0)(is-hotkey@0.2.0)(lodash.camelcase@4.3.0)(lodash.clonedeep@4.5.0)(lodash.debounce@4.0.8)(lodash.foreach@4.5.0)(lodash.isequal@4.5.0)(lodash.throttle@4.1.1)(lodash.toarray@4.4.0)(nanoid@3.3.6)(slate@0.72.8)(snabbdom@3.5.1)
      dom7: 3.0.0
      lodash.foreach: 4.5.0
      slate: 0.72.8
      snabbdom: 3.5.1
    dev: true

  /@wangeditor/video-module@1.1.4(@uppy/core@2.3.4)(@uppy/xhr-upload@2.1.3)(@wangeditor/core@1.1.19)(dom7@3.0.0)(nanoid@3.3.6)(slate@0.72.8)(snabbdom@3.5.1):
    resolution: {integrity: sha512-ZdodDPqKQrgx3IwWu4ZiQmXI8EXZ3hm2/fM6E3t5dB8tCaIGWQZhmqd6P5knfkRAd3z2+YRSRbxOGfoRSp/rLg==}
    peerDependencies:
      '@uppy/core': ^2.1.4
      '@uppy/xhr-upload': ^2.0.7
      '@wangeditor/core': 1.x
      dom7: ^3.0.0
      nanoid: ^3.2.0
      slate: ^0.72.0
      snabbdom: ^3.1.0
    dependencies:
      '@uppy/core': 2.3.4
      '@uppy/xhr-upload': 2.1.3(@uppy/core@2.3.4)
      '@wangeditor/core': 1.1.19(@uppy/core@2.3.4)(@uppy/xhr-upload@2.1.3)(dom7@3.0.0)(is-hotkey@0.2.0)(lodash.camelcase@4.3.0)(lodash.clonedeep@4.5.0)(lodash.debounce@4.0.8)(lodash.foreach@4.5.0)(lodash.isequal@4.5.0)(lodash.throttle@4.1.1)(lodash.toarray@4.4.0)(nanoid@3.3.6)(slate@0.72.8)(snabbdom@3.5.1)
      dom7: 3.0.0
      nanoid: 3.3.6
      slate: 0.72.8
      snabbdom: 3.5.1
    dev: true

  /@webassemblyjs/ast@1.11.6:
    resolution: {integrity: sha512-IN1xI7PwOvLPgjcf180gC1bqn3q/QaOCwYUahIOhbYUu8KA/3tw2RT/T0Gidi1l7Hhj5D/INhJxiICObqpMu4Q==}
    dependencies:
      '@webassemblyjs/helper-numbers': 1.11.6
      '@webassemblyjs/helper-wasm-bytecode': 1.11.6
    dev: true

  /@webassemblyjs/floating-point-hex-parser@1.11.6:
    resolution: {integrity: sha512-ejAj9hfRJ2XMsNHk/v6Fu2dGS+i4UaXBXGemOfQ/JfQ6mdQg/WXtwleQRLLS4OvfDhv8rYnVwH27YJLMyYsxhw==}
    dev: true

  /@webassemblyjs/helper-api-error@1.11.6:
    resolution: {integrity: sha512-o0YkoP4pVu4rN8aTJgAyj9hC2Sv5UlkzCHhxqWj8butaLvnpdc2jOwh4ewE6CX0txSfLn/UYaV/pheS2Txg//Q==}
    dev: true

  /@webassemblyjs/helper-buffer@1.11.6:
    resolution: {integrity: sha512-z3nFzdcp1mb8nEOFFk8DrYLpHvhKC3grJD2ardfKOzmbmJvEf/tPIqCY+sNcwZIY8ZD7IkB2l7/pqhUhqm7hLA==}
    dev: true

  /@webassemblyjs/helper-numbers@1.11.6:
    resolution: {integrity: sha512-vUIhZ8LZoIWHBohiEObxVm6hwP034jwmc9kuq5GdHZH0wiLVLIPcMCdpJzG4C11cHoQ25TFIQj9kaVADVX7N3g==}
    dependencies:
      '@webassemblyjs/floating-point-hex-parser': 1.11.6
      '@webassemblyjs/helper-api-error': 1.11.6
      '@xtuc/long': 4.2.2
    dev: true

  /@webassemblyjs/helper-wasm-bytecode@1.11.6:
    resolution: {integrity: sha512-sFFHKwcmBprO9e7Icf0+gddyWYDViL8bpPjJJl0WHxCdETktXdmtWLGVzoHbqUcY4Be1LkNfwTmXOJUFZYSJdA==}
    dev: true

  /@webassemblyjs/helper-wasm-section@1.11.6:
    resolution: {integrity: sha512-LPpZbSOwTpEC2cgn4hTydySy1Ke+XEu+ETXuoyvuyezHO3Kjdu90KK95Sh9xTbmjrCsUwvWwCOQQNta37VrS9g==}
    dependencies:
      '@webassemblyjs/ast': 1.11.6
      '@webassemblyjs/helper-buffer': 1.11.6
      '@webassemblyjs/helper-wasm-bytecode': 1.11.6
      '@webassemblyjs/wasm-gen': 1.11.6
    dev: true

  /@webassemblyjs/ieee754@1.11.6:
    resolution: {integrity: sha512-LM4p2csPNvbij6U1f19v6WR56QZ8JcHg3QIJTlSwzFcmx6WSORicYj6I63f9yU1kEUtrpG+kjkiIAkevHpDXrg==}
    dependencies:
      '@xtuc/ieee754': 1.2.0
    dev: true

  /@webassemblyjs/leb128@1.11.6:
    resolution: {integrity: sha512-m7a0FhE67DQXgouf1tbN5XQcdWoNgaAuoULHIfGFIEVKA6tu/edls6XnIlkmS6FrXAquJRPni3ZZKjw6FSPjPQ==}
    dependencies:
      '@xtuc/long': 4.2.2
    dev: true

  /@webassemblyjs/utf8@1.11.6:
    resolution: {integrity: sha512-vtXf2wTQ3+up9Zsg8sa2yWiQpzSsMyXj0qViVP6xKGCUT8p8YJ6HqI7l5eCnWx1T/FYdsv07HQs2wTFbbof/RA==}
    dev: true

  /@webassemblyjs/wasm-edit@1.11.6:
    resolution: {integrity: sha512-Ybn2I6fnfIGuCR+Faaz7YcvtBKxvoLV3Lebn1tM4o/IAJzmi9AWYIPWpyBfU8cC+JxAO57bk4+zdsTjJR+VTOw==}
    dependencies:
      '@webassemblyjs/ast': 1.11.6
      '@webassemblyjs/helper-buffer': 1.11.6
      '@webassemblyjs/helper-wasm-bytecode': 1.11.6
      '@webassemblyjs/helper-wasm-section': 1.11.6
      '@webassemblyjs/wasm-gen': 1.11.6
      '@webassemblyjs/wasm-opt': 1.11.6
      '@webassemblyjs/wasm-parser': 1.11.6
      '@webassemblyjs/wast-printer': 1.11.6
    dev: true

  /@webassemblyjs/wasm-gen@1.11.6:
    resolution: {integrity: sha512-3XOqkZP/y6B4F0PBAXvI1/bky7GryoogUtfwExeP/v7Nzwo1QLcq5oQmpKlftZLbT+ERUOAZVQjuNVak6UXjPA==}
    dependencies:
      '@webassemblyjs/ast': 1.11.6
      '@webassemblyjs/helper-wasm-bytecode': 1.11.6
      '@webassemblyjs/ieee754': 1.11.6
      '@webassemblyjs/leb128': 1.11.6
      '@webassemblyjs/utf8': 1.11.6
    dev: true

  /@webassemblyjs/wasm-opt@1.11.6:
    resolution: {integrity: sha512-cOrKuLRE7PCe6AsOVl7WasYf3wbSo4CeOk6PkrjS7g57MFfVUF9u6ysQBBODX0LdgSvQqRiGz3CXvIDKcPNy4g==}
    dependencies:
      '@webassemblyjs/ast': 1.11.6
      '@webassemblyjs/helper-buffer': 1.11.6
      '@webassemblyjs/wasm-gen': 1.11.6
      '@webassemblyjs/wasm-parser': 1.11.6
    dev: true

  /@webassemblyjs/wasm-parser@1.11.6:
    resolution: {integrity: sha512-6ZwPeGzMJM3Dqp3hCsLgESxBGtT/OeCvCZ4TA1JUPYgmhAx38tTPR9JaKy0S5H3evQpO/h2uWs2j6Yc/fjkpTQ==}
    dependencies:
      '@webassemblyjs/ast': 1.11.6
      '@webassemblyjs/helper-api-error': 1.11.6
      '@webassemblyjs/helper-wasm-bytecode': 1.11.6
      '@webassemblyjs/ieee754': 1.11.6
      '@webassemblyjs/leb128': 1.11.6
      '@webassemblyjs/utf8': 1.11.6
    dev: true

  /@webassemblyjs/wast-printer@1.11.6:
    resolution: {integrity: sha512-JM7AhRcE+yW2GWYaKeHL5vt4xqee5N2WcezptmgyhNS+ScggqcT1OtXykhAb13Sn5Yas0j2uv9tHgrjwvzAP4A==}
    dependencies:
      '@webassemblyjs/ast': 1.11.6
      '@xtuc/long': 4.2.2
    dev: true

  /@xtuc/ieee754@1.2.0:
    resolution: {integrity: sha512-DX8nKgqcGwsc0eJSqYt5lwP4DH5FlHnmuWWBRy7X0NcaGR0ZtuyeESgMwTYVEtxmsNGY+qit4QYT/MIYTOTPeA==}
    dev: true

  /@xtuc/long@4.2.2:
    resolution: {integrity: sha512-NuHqBY1PB/D8xU6s/thBgOAiAP7HOYDQ32+BFZILJ8ivkUkAHQnWfn6WhL79Owj1qmUnoN/YPhktdIoucipkAQ==}
    dev: true

  /acorn-import-assertions@1.9.0(acorn@8.10.0):
    resolution: {integrity: sha512-cmMwop9x+8KFhxvKrKfPYmN6/pKTYYHBqLa0DfvVZcKMJWNyWLnaqND7dx/qn66R7ewM1UX5XMaDVP5wlVTaVA==}
    peerDependencies:
      acorn: ^8
    dependencies:
      acorn: 8.10.0
    dev: true

  /acorn@8.10.0:
    resolution: {integrity: sha512-F0SAmZ8iUtS//m8DmCTA0jlh6TDKkHQyK6xc6V4KDTyZKA9dnvX9/3sRTVQrWm79glUAZbnmmNcdYwUIHWVybw==}
    engines: {node: '>=0.4.0'}
    hasBin: true
    dev: true

  /ajv-keywords@3.5.2(ajv@6.12.6):
    resolution: {integrity: sha512-5p6WTN0DdTGVQk6VjcEju19IgaHudalcfabD7yhDGeA6bcQnmL+CpveLJq/3hvfwd1aof6L386Ougkx6RfyMIQ==}
    peerDependencies:
      ajv: ^6.9.1
    dependencies:
      ajv: 6.12.6
    dev: true

  /ajv@6.12.6:
    resolution: {integrity: sha512-j3fVLgvTo527anyYyJOGTYJbG+vnnQYvE0m5mmkc1TK+nxAppkCLMIL0aZ4dblVCNoGShhm+kzE4ZUykBoMg4g==}
    dependencies:
      fast-deep-equal: 3.1.3
      fast-json-stable-stringify: 2.1.0
      json-schema-traverse: 0.4.1
      uri-js: 4.4.1
    dev: true

  /anymatch@3.1.3:
    resolution: {integrity: sha512-KMReFUr0B4t+D+OBkjR3KYqvocp2XaSzO55UcB6mgQMd3KbcE+mWTyvVV7D/zsdEbNnV6acZUutkiHQXvTr1Rw==}
    engines: {node: '>= 8'}
    dependencies:
      normalize-path: 3.0.0
      picomatch: 2.3.1
    dev: true

  /binary-extensions@2.2.0:
    resolution: {integrity: sha512-jDctJ/IVQbZoJykoeHbhXpOlNBqGNcwXJKJog42E5HDPUwQTSdjCHdihjj0DlnheQ7blbT6dHOafNAiS8ooQKA==}
    engines: {node: '>=8'}
    dev: true

  /braces@3.0.2:
    resolution: {integrity: sha512-b8um+L1RzM3WDSzvhm6gIz1yfTbBt6YTlcEKAvsmqCZZFw46z626lVj9j1yEPW33H5H+lBQpZMP1k8l+78Ha0A==}
    engines: {node: '>=8'}
    dependencies:
      fill-range: 7.0.1
    dev: true

  /browserslist@4.21.10:
    resolution: {integrity: sha512-bipEBdZfVH5/pwrvqc+Ub0kUPVfGUhlKxbvfD+z1BDnPEO/X98ruXGA1WP5ASpAFKan7Qr6j736IacbZQuAlKQ==}
    engines: {node: ^6 || ^7 || ^8 || ^9 || ^10 || ^11 || ^12 || >=13.7}
    hasBin: true
    dependencies:
      caniuse-lite: 1.0.30001523
      electron-to-chromium: 1.4.502
      node-releases: 2.0.13
      update-browserslist-db: 1.0.11(browserslist@4.21.10)
    dev: true

  /buffer-from@1.1.2:
    resolution: {integrity: sha512-E+XQCRwSbaaiChtv6k6Dwgc+bx+Bs6vuKJHHl5kox/BaKbhiXzqQOwK4cO22yElGp2OCmjwVhT3HmxgyPGnJfQ==}
    dev: true

  /caniuse-lite@1.0.30001523:
    resolution: {integrity: sha512-I5q5cisATTPZ1mc588Z//pj/Ox80ERYDfR71YnvY7raS/NOk8xXlZcB0sF7JdqaV//kOaa6aus7lRfpdnt1eBA==}
    dev: true

  /chokidar@3.5.3:
    resolution: {integrity: sha512-Dr3sfKRP6oTcjf2JmUmFJfeVMvXBdegxB0iVQ5eb2V10uFJUCAS8OByZdVAyVb8xXNz3GjjTgj9kLWsZTqE6kw==}
    engines: {node: '>= 8.10.0'}
    dependencies:
      anymatch: 3.1.3
      braces: 3.0.2
      glob-parent: 5.1.2
      is-binary-path: 2.1.0
      is-glob: 4.0.3
      normalize-path: 3.0.0
      readdirp: 3.6.0
    optionalDependencies:
      fsevents: 2.3.3
    dev: true

  /chrome-trace-event@1.0.3:
    resolution: {integrity: sha512-p3KULyQg4S7NIHixdwbGX+nFHkoBiA4YQmyWtjb8XngSKV124nJmRysgAeujbUVb15vh+RvFUfCPqU7rXk+hZg==}
    engines: {node: '>=6.0'}
    dev: true

  /commander@2.20.3:
    resolution: {integrity: sha512-GpVkmM8vF2vQUkj2LvZmD35JxeJOLCwJ9cUkugyk2nuhbv3+mJvpLYYt+0+USMxE+oj+ey/lJEnhZw75x/OMcQ==}
    dev: true

  /compute-scroll-into-view@1.0.20:
    resolution: {integrity: sha512-UCB0ioiyj8CRjtrvaceBLqqhZCVP+1B8+NWQhmdsm0VXOJtobBCf1dBQmebCCo34qZmUwZfIH2MZLqNHazrfjg==}
    dev: true

  /csstype@3.1.2:
    resolution: {integrity: sha512-I7K1Uu0MBPzaFKg4nI5Q7Vs2t+3gWWW648spaF+Rg7pI9ds18Ugn+lvg4SHczUdKlHI5LWBXyqfS8+DufyBsgQ==}
    dev: true

  /d@1.0.1:
    resolution: {integrity: sha512-m62ShEObQ39CfralilEQRjH6oAMtNCV1xJyEx5LpRYUVN+EviphDgUc/F3hnYbADmkiNs67Y+3ylmlG7Lnu+FA==}
    dependencies:
      es5-ext: 0.10.62
      type: 1.2.0
    dev: true

  /dom7@3.0.0:
    resolution: {integrity: sha512-oNlcUdHsC4zb7Msx7JN3K0Nro1dzJ48knvBOnDPKJ2GV9wl1i5vydJZUSyOfrkKFDZEud/jBsTk92S/VGSAe/g==}
    dependencies:
      ssr-window: 3.0.0
    dev: true

  /electron-to-chromium@1.4.502:
    resolution: {integrity: sha512-xqeGw3Gr6o3uyHy/yKjdnDQHY2RQvXcGC2cfHjccK1IGkH6cX1WQBN8EeC/YpwPhGkBaikDTecJ8+ssxSVRQlw==}
    dev: true

  /enhanced-resolve@5.15.0:
    resolution: {integrity: sha512-LXYT42KJ7lpIKECr2mAXIaMldcNCh/7E0KBKOu4KSfkHmP+mZmSs+8V5gBAqisWBy0OO4W5Oyys0GO1Y8KtdKg==}
    engines: {node: '>=10.13.0'}
    dependencies:
      graceful-fs: 4.2.11
      tapable: 2.2.1
    dev: true

  /es-module-lexer@1.3.0:
    resolution: {integrity: sha512-vZK7T0N2CBmBOixhmjdqx2gWVbFZ4DXZ/NyRMZVlJXPa7CyFS+/a4QQsDGDQy9ZfEzxFuNEsMLeQJnKP2p5/JA==}
    dev: true

  /es5-ext@0.10.62:
    resolution: {integrity: sha512-BHLqn0klhEpnOKSrzn/Xsz2UIW8j+cGmo9JLzr8BiUapV8hPL9+FliFqjwr9ngW7jWdnxv6eO+/LqyhJVqgrjA==}
    engines: {node: '>=0.10'}
    requiresBuild: true
    dependencies:
      es6-iterator: 2.0.3
      es6-symbol: 3.1.3
      next-tick: 1.1.0
    dev: true

  /es6-iterator@2.0.3:
    resolution: {integrity: sha512-zw4SRzoUkd+cl+ZoE15A9o1oQd920Bb0iOJMQkQhl3jNc03YqVjAhG7scf9C5KWRU/R13Orf588uCC6525o02g==}
    dependencies:
      d: 1.0.1
      es5-ext: 0.10.62
      es6-symbol: 3.1.3
    dev: true

  /es6-symbol@3.1.3:
    resolution: {integrity: sha512-NJ6Yn3FuDinBaBRWl/q5X/s4koRHBrgKAu+yGI6JCBeiu3qrcbJhwT2GeR/EXVfylRk8dpQVJoLEFhK+Mu31NA==}
    dependencies:
      d: 1.0.1
      ext: 1.7.0
    dev: true

  /escalade@3.1.1:
    resolution: {integrity: sha512-k0er2gUkLf8O0zKJiAhmkTnJlTvINGv7ygDNPbeIsX/TJjGJZHuh9B2UxbsaEkmlEo9MfhrSzmhIlhRlI2GXnw==}
    engines: {node: '>=6'}
    dev: true

  /eslint-scope@5.1.1:
    resolution: {integrity: sha512-2NxwbF/hZ0KpepYN0cNbo+FN6XoK7GaHlQhgx/hIZl6Va0bF45RQOOwhLIy8lQDbuCiadSLCBnH2CFYquit5bw==}
    engines: {node: '>=8.0.0'}
    dependencies:
      esrecurse: 4.3.0
      estraverse: 4.3.0
    dev: true

  /esrecurse@4.3.0:
    resolution: {integrity: sha512-KmfKL3b6G+RXvP8N1vr3Tq1kL/oCFgn2NYXEtqP8/L3pKapUA4G8cFVaoF3SU323CD4XypR/ffioHmkti6/Tag==}
    engines: {node: '>=4.0'}
    dependencies:
      estraverse: 5.3.0
    dev: true

  /estraverse@4.3.0:
    resolution: {integrity: sha512-39nnKffWz8xN1BU/2c79n9nB9HDzo0niYUqx6xyqUnyoAnQyyWpOTdZEeiCch8BBu515t4wp9ZmgVfVhn9EBpw==}
    engines: {node: '>=4.0'}
    dev: true

  /estraverse@5.3.0:
    resolution: {integrity: sha512-MMdARuVEQziNTeJD8DgMqmhwR11BRQ/cBP+pLtYdSTnf3MIO8fFeiINEbX36ZdNlfU/7A9f3gUw49B3oQsvwBA==}
    engines: {node: '>=4.0'}
    dev: true

  /event-emitter@0.3.5:
    resolution: {integrity: sha512-D9rRn9y7kLPnJ+hMq7S/nhvoKwwvVJahBi2BPmx3bvbsEdK3W9ii8cBSGjP+72/LnM4n6fo3+dkCX5FeTQruXA==}
    dependencies:
      d: 1.0.1
      es5-ext: 0.10.62
    dev: true

  /events@3.3.0:
    resolution: {integrity: sha512-mQw+2fkQbALzQ7V0MY0IqdnXNOeTtP4r0lN9z7AAawCXgqea7bDii20AYrIBrFd/Hx0M2Ocz6S111CaFkUcb0Q==}
    engines: {node: '>=0.8.x'}
    dev: true

  /ext@1.7.0:
    resolution: {integrity: sha512-6hxeJYaL110a9b5TEJSj0gojyHQAmA2ch5Os+ySCiA1QGdS697XWY1pzsrSjqA9LDEEgdB/KypIlR59RcLuHYw==}
    dependencies:
      type: 2.7.2
    dev: true

  /fast-deep-equal@3.1.3:
    resolution: {integrity: sha512-f3qQ9oQy9j2AhBe/H9VC91wLmKBCCU/gDOnKNAYG5hswO7BLKj09Hc5HYNz9cGI++xlpDCIgDaitVs03ATR84Q==}
    dev: true

  /fast-json-stable-stringify@2.1.0:
    resolution: {integrity: sha512-lhd/wF+Lk98HZoTCtlVraHtfh5XYijIjalXck7saUtuanSDyLMxnHhSXEDJqHxD7msR8D0uCmqlkwjCV8xvwHw==}
    dev: true

  /fill-range@7.0.1:
    resolution: {integrity: sha512-qOo9F+dMUmC2Lcb4BbVvnKJxTPjCm+RRpe4gDuGrzkL7mEVl/djYSu2OdQ2Pa302N4oqkSg9ir6jaLWJ2USVpQ==}
    engines: {node: '>=8'}
    dependencies:
      to-regex-range: 5.0.1
    dev: true

  /fsevents@2.3.3:
    resolution: {integrity: sha512-5xoDfX+fL7faATnagmWPpbFtwh/R77WmMMqqHGS65C3vvB0YHrgF+B1YmZ3441tMj5n63k0212XNoJwzlhffQw==}
    engines: {node: ^8.16.0 || ^10.6.0 || >=11.0.0}
    os: [darwin]
    requiresBuild: true
    dev: true
    optional: true

  /glob-parent@5.1.2:
    resolution: {integrity: sha512-AOIgSQCepiJYwP3ARnGx+5VnTu2HBYdzbGP45eLw1vr3zB3vZLeyed1sC9hnbcOc9/SrMyM5RPQrkGz4aS9Zow==}
    engines: {node: '>= 6'}
    dependencies:
      is-glob: 4.0.3
    dev: true

  /glob-to-regexp@0.4.1:
    resolution: {integrity: sha512-lkX1HJXwyMcprw/5YUZc2s7DrpAiHB21/V+E1rHUrVNokkvB6bqMzT0VfV6/86ZNabt1k14YOIaT7nDvOX3Iiw==}
    dev: true

  /graceful-fs@4.2.11:
    resolution: {integrity: sha512-RbJ5/jmFcNNCcDV5o9eTnBLJ/HszWV0P73bc+Ff4nS/rJj+YaS6IGyiOL0VoBYX+l1Wrl3k63h/KrH+nhJ0XvQ==}
    dev: true

  /has-flag@4.0.0:
    resolution: {integrity: sha512-EykJT/Q1KjTWctppgIAgfSO0tKVuZUjhgMr17kqTumMl6Afv3EISleU7qZUzoXDFTAHTDC4NOoG/ZxU3EvlMPQ==}
    engines: {node: '>=8'}
    dev: true

  /html-void-elements@2.0.1:
    resolution: {integrity: sha512-0quDb7s97CfemeJAnW9wC0hw78MtW7NU3hqtCD75g2vFlDLt36llsYD7uB7SUzojLMP24N5IatXf7ylGXiGG9A==}
    dev: true

  /i18next@20.6.1:
    resolution: {integrity: sha512-yCMYTMEJ9ihCwEQQ3phLo7I/Pwycf8uAx+sRHwwk5U9Aui/IZYgQRyMqXafQOw5QQ7DM1Z+WyEXWIqSuJHhG2A==}
    dependencies:
      '@babel/runtime': 7.22.11
    dev: true

  /immer@9.0.21:
    resolution: {integrity: sha512-bc4NBHqOqSfRW7POMkHd51LvClaeMXpm8dx0e8oE2GORbq5aRK7Bxl4FyzVLdGtLmvLKL7BTDBG5ACQm4HWjTA==}
    dev: true

  /immutable@4.3.3:
    resolution: {integrity: sha512-808ZFYMsIRAjLAu5xkKo0TsbY9LBy9H5MazTKIEHerNkg0ymgilGfBPMR/3G7d/ihGmuK2Hw8S1izY2d3kd3wA==}
    dev: true

  /is-binary-path@2.1.0:
    resolution: {integrity: sha512-ZMERYes6pDydyuGidse7OsHxtbI7WVeUEozgR/g7rd0xUimYNlvZRE/K2MgZTjWy725IfelLeVcEM97mmtRGXw==}
    engines: {node: '>=8'}
    dependencies:
      binary-extensions: 2.2.0
    dev: true

  /is-extglob@2.1.1:
    resolution: {integrity: sha1-qIwCU1eR8C7TfHahueqXc8gz+MI=}
    engines: {node: '>=0.10.0'}
    dev: true

  /is-glob@4.0.3:
    resolution: {integrity: sha512-xelSayHH36ZgE7ZWhli7pW34hNbNl8Ojv5KVmkJD4hBdD3th8Tfk9vYasLM+mXWOZhFkgZfxhLSnrwRr4elSSg==}
    engines: {node: '>=0.10.0'}
    dependencies:
      is-extglob: 2.1.1
    dev: true

  /is-hotkey@0.2.0:
    resolution: {integrity: sha512-UknnZK4RakDmTgz4PI1wIph5yxSs/mvChWs9ifnlXsKuXgWmOkY/hAE0H/k2MIqH0RlRye0i1oC07MCRSD28Mw==}
    dev: true

  /is-number@7.0.0:
    resolution: {integrity: sha512-41Cifkg6e8TylSpdtTpeLVMqvSBEVzTttHvERD741+pnZ8ANv0004MRL43QKPDlK9cGvNp6NZWZUBlbGXYxxng==}
    engines: {node: '>=0.12.0'}
    dev: true

  /is-plain-object@5.0.0:
    resolution: {integrity: sha512-VRSzKkbMm5jMDoKLbltAkFQ5Qr7VDiTFGXxYFXXowVj387GeGNOCsOH6Msy00SGZ3Fp84b1Naa1psqgcCIEP5Q==}
    engines: {node: '>=0.10.0'}
    dev: true

  /is-url@1.2.4:
    resolution: {integrity: sha512-ITvGim8FhRiYe4IQ5uHSkj7pVaPDrCTkNd3yq3cV7iZAcJdHTUMPMEHcqSOy9xZ9qFenQCvi+2wjH9a1nXqHww==}
    dev: true

  /jest-worker@27.5.1:
    resolution: {integrity: sha512-7vuh85V5cdDofPyxn58nrPjBktZo0u9x1g8WtjQol+jZDaE+fhN+cIvTj11GndBnMnyfrUOG1sZQxCdjKh+DKg==}
    engines: {node: '>= 10.13.0'}
    dependencies:
      '@types/node': 20.5.6
      merge-stream: 2.0.0
      supports-color: 8.1.1
    dev: true

  /json-parse-even-better-errors@2.3.1:
    resolution: {integrity: sha512-xyFwyhro/JEof6Ghe2iz2NcXoj2sloNsWr/XsERDK/oiPCfaNhl5ONfp+jQdAZRQQ0IJWNzH9zIZF7li91kh2w==}
    dev: true

  /json-schema-traverse@0.4.1:
    resolution: {integrity: sha512-xbbCH5dCYU5T8LcEhhuh7HJ88HXuW3qsI3Y0zOZFKfZEHcpWiHU/Jxzk629Brsab/mMiHQti9wMP+845RPe3Vg==}
    dev: true

  /loader-runner@4.3.0:
    resolution: {integrity: sha512-3R/1M+yS3j5ou80Me59j7F9IMs4PXs3VqRrm0TU3AbKPxlmpoY1TNscJV/oGJXo8qCatFGTfDbY6W6ipGOYXfg==}
    engines: {node: '>=6.11.5'}
    dev: true

  /lodash.camelcase@4.3.0:
    resolution: {integrity: sha512-TwuEnCnxbc3rAvhf/LbG7tJUDzhqXyFnv3dtzLOPgCG/hODL7WFnsbwktkD7yUV0RrreP/l1PALq/YSg6VvjlA==}
    dev: true

  /lodash.clonedeep@4.5.0:
    resolution: {integrity: sha1-4j8/nE+Pvd6HJSnBBxhXoIblzO8=}
    dev: true

  /lodash.debounce@4.0.8:
    resolution: {integrity: sha1-gteb/zCmfEAF/9XiUVMArZyk168=}
    dev: true

  /lodash.foreach@4.5.0:
    resolution: {integrity: sha512-aEXTF4d+m05rVOAUG3z4vZZ4xVexLKZGF0lIxuHZ1Hplpk/3B6Z1+/ICICYRLm7c41Z2xiejbkCkJoTlypoXhQ==}
    dev: true

  /lodash.isequal@4.5.0:
    resolution: {integrity: sha512-pDo3lu8Jhfjqls6GkMgpahsF9kCyayhgykjyLMNFTKWrpVdAQtYyB4muAMWozBB4ig/dtWAmsMxLEI8wuz+DYQ==}
    dev: true

  /lodash.throttle@4.1.1:
    resolution: {integrity: sha512-wIkUCfVKpVsWo3JSZlc+8MB5it+2AN5W8J7YVMST30UrvcQNZ1Okbj+rbVniijTWE6FGYy4XJq/rHkas8qJMLQ==}
    dev: true

  /lodash.toarray@4.4.0:
    resolution: {integrity: sha512-QyffEA3i5dma5q2490+SgCvDN0pXLmRGSyAANuVi0HQ01Pkfr9fuoKQW8wm1wGBnJITs/mS7wQvS6VshUEBFCw==}
    dev: true

  /merge-stream@2.0.0:
    resolution: {integrity: sha512-abv/qOcuPfk3URPfDzmZU1LKmuw8kT+0nIHvKrKgFrwifol/doWcdA4ZqsWQ8ENrFKkd67Mfpo/LovbIUsbt3w==}
    dev: true

  /mime-db@1.52.0:
    resolution: {integrity: sha512-sPU4uV7dYlvtWJxwwxHD0PuihVNiE7TyAbQ5SWxDCB9mUYvOgroQOwYQQOKPJ8CIbE+1ETVlOoK1UC2nU3gYvg==}
    engines: {node: '>= 0.6'}
    dev: true

  /mime-match@1.0.2:
    resolution: {integrity: sha512-VXp/ugGDVh3eCLOBCiHZMYWQaTNUHv2IJrut+yXA6+JbLPXHglHwfS/5A5L0ll+jkCY7fIzRJcH6OIunF+c6Cg==}
    dependencies:
      wildcard: 1.1.2
    dev: true

  /mime-types@2.1.35:
    resolution: {integrity: sha512-ZDY+bPm5zTTF+YpCrAU9nK0UgICYPT0QtT1NZWFv4s++TNkcgVaT0g6+4R2uI4MjQjzysHB1zxuWL50hzaeXiw==}
    engines: {node: '>= 0.6'}
    dependencies:
      mime-db: 1.52.0
    dev: true

  /namespace-emitter@2.0.1:
    resolution: {integrity: sha512-N/sMKHniSDJBjfrkbS/tpkPj4RAbvW3mr8UAzvlMHyun93XEm83IAvhWtJVHo+RHn/oO8Job5YN4b+wRjSVp5g==}
    dev: true

  /nanoid@3.3.6:
    resolution: {integrity: sha512-BGcqMMJuToF7i1rt+2PWSNVnWIkGCU78jBG3RxO/bZlnZPK2Cmi2QaffxGO/2RvWi9sL+FAiRiXMgsyxQ1DIDA==}
    engines: {node: ^10 || ^12 || ^13.7 || ^14 || >=15.0.1}
    hasBin: true
    dev: true

  /neo-async@2.6.2:
    resolution: {integrity: sha512-Yd3UES5mWCSqR+qNT93S3UoYUkqAZ9lLg8a7g9rimsWmYGK8cVToA4/sF3RrshdyV3sAGMXVUmpMYOw+dLpOuw==}
    dev: true

  /next-tick@1.1.0:
    resolution: {integrity: sha512-CXdUiJembsNjuToQvxayPZF9Vqht7hewsvy2sOWafLvi2awflj9mOC6bHIg50orX8IJvWKY9wYQ/zB2kogPslQ==}
    dev: true

  /node-releases@2.0.13:
    resolution: {integrity: sha512-uYr7J37ae/ORWdZeQ1xxMJe3NtdmqMC/JZK+geofDrkLUApKRHPd18/TxtBOJ4A0/+uUIliorNrfYV6s1b02eQ==}
    dev: true

  /normalize-path@3.0.0:
    resolution: {integrity: sha512-6eZs5Ls3WtCisHWp9S2GUy8dqkpGi4BVSz3GaqiE6ezub0512ESztXUwUB6C6IKbQkY2Pnb/mD4WYojCRwcwLA==}
    engines: {node: '>=0.10.0'}
    dev: true

  /picocolors@1.0.0:
    resolution: {integrity: sha512-1fygroTLlHu66zi26VoTDv8yRgm0Fccecssto+MhsZ0D/DGW2sm8E8AjW7NU5VVTRt5GxbeZ5qBuJr+HyLYkjQ==}
    dev: true

  /picomatch@2.3.1:
    resolution: {integrity: sha512-JU3teHTNjmE2VCGFzuY8EXzCDVwEqB2a8fsIvwaStHhAWJEeVd1o1QD80CU6+ZdEXXSLbSsuLwJjkCBWqRQUVA==}
    engines: {node: '>=8.6'}
    dev: true

  /postcss@8.4.28:
    resolution: {integrity: sha512-Z7V5j0cq8oEKyejIKfpD8b4eBy9cwW2JWPk0+fB1HOAMsfHbnAXLLS+PfVWlzMSLQaWttKDt607I0XHmpE67Vw==}
    engines: {node: ^10 || ^12 || >=14}
    dependencies:
      nanoid: 3.3.6
      picocolors: 1.0.0
      source-map-js: 1.0.2
    dev: true

  /preact@10.17.1:
    resolution: {integrity: sha512-X9BODrvQ4Ekwv9GURm9AKAGaomqXmip7NQTZgY7gcNmr7XE83adOMJvd3N42id1tMFU7ojiynRsYnY6/BRFxLA==}
    dev: true

  /prismjs@1.29.0:
    resolution: {integrity: sha512-Kx/1w86q/epKcmte75LNrEoT+lX8pBpavuAbvJWRXar7Hz8jrtF+e3vY751p0R8H9HdArwaCTNDDzHg/ScJK1Q==}
    engines: {node: '>=6'}
    dev: true

  /punycode@2.3.0:
    resolution: {integrity: sha512-rRV+zQD8tVFys26lAGR9WUuS4iUAngJScM+ZRSKtvl5tKeZ2t5bvdNFdNHBW9FWR4guGHlgmsZ1G7BSm2wTbuA==}
    engines: {node: '>=6'}
    dev: true

  /randombytes@2.1.0:
    resolution: {integrity: sha512-vYl3iOX+4CKUWuxGi9Ukhie6fsqXqS9FE2Zaic4tNFD2N2QQaXOMFbuKK4QmDHC0JO6B1Zp41J0LpT0oR68amQ==}
    dependencies:
      safe-buffer: 5.2.1
    dev: true

  /readdirp@3.6.0:
    resolution: {integrity: sha512-hOS089on8RduqdbhvQ5Z37A0ESjsqz6qnRcffsMU3495FuTdqSm+7bhJ29JvIOsBDEEnan5DPu9t3To9VRlMzA==}
    engines: {node: '>=8.10.0'}
    dependencies:
      picomatch: 2.3.1
    dev: true

  /regenerator-runtime@0.14.0:
    resolution: {integrity: sha512-srw17NI0TUWHuGa5CFGGmhfNIeja30WMBfbslPNhf6JrqQlLN5gcrvig1oqPxiVaXb0oW0XRKtH6Nngs5lKCIA==}
    dev: true

  /safe-buffer@5.2.1:
    resolution: {integrity: sha512-rp3So07KcdmmKbGvgaNxQSJr7bGVSVk5S9Eq1F+ppbRo70+YeaDxkw5Dd8NPN+GD6bjnYm2VuPuCXmpuYvmCXQ==}
    dev: true

  /sass-loader@13.3.2(sass@1.66.1)(webpack@5.88.2):
    resolution: {integrity: sha512-CQbKl57kdEv+KDLquhC+gE3pXt74LEAzm+tzywcA0/aHZuub8wTErbjAoNI57rPUWRYRNC5WUnNl8eGJNbDdwg==}
    engines: {node: '>= 14.15.0'}
    peerDependencies:
      fibers: '>= 3.1.0'
      node-sass: ^4.0.0 || ^5.0.0 || ^6.0.0 || ^7.0.0 || ^8.0.0 || ^9.0.0
      sass: ^1.3.0
      sass-embedded: '*'
      webpack: ^5.0.0
    peerDependenciesMeta:
      fibers:
        optional: true
      node-sass:
        optional: true
      sass:
        optional: true
      sass-embedded:
        optional: true
    dependencies:
      neo-async: 2.6.2
      sass: 1.66.1
      webpack: 5.88.2
    dev: true

  /sass@1.66.1:
    resolution: {integrity: sha512-50c+zTsZOJVgFfTgwwEzkjA3/QACgdNsKueWPyAR0mRINIvLAStVQBbPg14iuqEQ74NPDbXzJARJ/O4SI1zftA==}
    engines: {node: '>=14.0.0'}
    hasBin: true
    dependencies:
      chokidar: 3.5.3
      immutable: 4.3.3
      source-map-js: 1.0.2
    dev: true

  /schema-utils@3.3.0:
    resolution: {integrity: sha512-pN/yOAvcC+5rQ5nERGuwrjLlYvLTbCibnZ1I7B1LaiAz9BRBlE9GMgE/eqV30P7aJQUf7Ddimy/RsbYO/GrVGg==}
    engines: {node: '>= 10.13.0'}
    dependencies:
      '@types/json-schema': 7.0.12
      ajv: 6.12.6
      ajv-keywords: 3.5.2(ajv@6.12.6)
    dev: true

  /scroll-into-view-if-needed@2.2.31:
    resolution: {integrity: sha512-dGCXy99wZQivjmjIqihaBQNjryrz5rueJY7eHfTdyWEiR4ttYpsajb14rn9s5d4DY4EcY6+4+U/maARBXJedkA==}
    dependencies:
      compute-scroll-into-view: 1.0.20
    dev: true

  /serialize-javascript@6.0.1:
    resolution: {integrity: sha512-owoXEFjWRllis8/M1Q+Cw5k8ZH40e3zhp/ovX+Xr/vi1qj6QesbyXXViFbpNvWvPNAD62SutwEXavefrLJWj7w==}
    dependencies:
      randombytes: 2.1.0
    dev: true

  /slate-history@0.66.0(slate@0.72.8):
    resolution: {integrity: sha512-6MWpxGQZiMvSINlCbMW43E2YBSVMCMCIwQfBzGssjWw4kb0qfvj0pIdblWNRQZD0hR6WHP+dHHgGSeVdMWzfng==}
    peerDependencies:
      slate: '>=0.65.3'
    dependencies:
      is-plain-object: 5.0.0
      slate: 0.72.8
    dev: true

  /slate@0.72.8:
    resolution: {integrity: sha512-/nJwTswQgnRurpK+bGJFH1oM7naD5qDmHd89JyiKNT2oOKD8marW0QSBtuFnwEbL5aGCS8AmrhXQgNOsn4osAw==}
    dependencies:
      immer: 9.0.21
      is-plain-object: 5.0.0
      tiny-warning: 1.0.3
    dev: true

  /snabbdom@3.5.1:
    resolution: {integrity: sha512-wHMNIOjkm/YNE5EM3RCbr/+DVgPg6AqQAX1eOxO46zYNvCXjKP5Y865tqQj3EXnaMBjkxmQA5jFuDpDK/dbfiA==}
    engines: {node: '>=8.3.0'}
    dev: true

  /source-map-js@1.0.2:
    resolution: {integrity: sha512-R0XvVJ9WusLiqTCEiGCmICCMplcCkIwwR11mOSD9CR5u+IXYdiseeEuXCVAjS54zqwkLcPNnmU4OeJ6tUrWhDw==}
    engines: {node: '>=0.10.0'}
    dev: true

  /source-map-support@0.5.21:
    resolution: {integrity: sha512-uBHU3L3czsIyYXKX88fdrGovxdSCoTGDRZ6SYXtSRxLZUzHg5P/66Ht6uoUlHu9EZod+inXhKo3qQgwXUT/y1w==}
    dependencies:
      buffer-from: 1.1.2
      source-map: 0.6.1
    dev: true

  /source-map@0.6.1:
    resolution: {integrity: sha512-UjgapumWlbMhkBgzT7Ykc5YXUT46F0iKu8SGXq0bcwP5dz/h0Plj6enJqjz1Zbq2l5WaqYnrVbwWOWMyF3F47g==}
    engines: {node: '>=0.10.0'}
    dev: true

  /ssr-window@3.0.0:
    resolution: {integrity: sha512-q+8UfWDg9Itrg0yWK7oe5p/XRCJpJF9OBtXfOPgSJl+u3Xd5KI328RUEvUqSMVM9CiQUEf1QdBzJMkYGErj9QA==}
    dev: true

  /supports-color@8.1.1:
    resolution: {integrity: sha512-MpUEN2OodtUzxvKQl72cUF7RQ5EiHsGvSsVG0ia9c5RbWGL2CI4C7EpPS8UTBIplnlzZiNuV56w+FuNxy3ty2Q==}
    engines: {node: '>=10'}
    dependencies:
      has-flag: 4.0.0
    dev: true

  /tapable@2.2.1:
    resolution: {integrity: sha512-GNzQvQTOIP6RyTfE2Qxb8ZVlNmw0n88vp1szwWRimP02mnTsx3Wtn5qRdqY9w2XduFNUgvOwhNnQsjwCp+kqaQ==}
    engines: {node: '>=6'}
    dev: true

  /terser-webpack-plugin@5.3.9(webpack@5.88.2):
    resolution: {integrity: sha512-ZuXsqE07EcggTWQjXUj+Aot/OMcD0bMKGgF63f7UxYcu5/AJF53aIpK1YoP5xR9l6s/Hy2b+t1AM0bLNPRuhwA==}
    engines: {node: '>= 10.13.0'}
    peerDependencies:
      '@swc/core': '*'
      esbuild: '*'
      uglify-js: '*'
      webpack: ^5.1.0
    peerDependenciesMeta:
      '@swc/core':
        optional: true
      esbuild:
        optional: true
      uglify-js:
        optional: true
    dependencies:
      '@jridgewell/trace-mapping': 0.3.19
      jest-worker: 27.5.1
      schema-utils: 3.3.0
      serialize-javascript: 6.0.1
      terser: 5.19.2
      webpack: 5.88.2
    dev: true

  /terser@5.19.2:
    resolution: {integrity: sha512-qC5+dmecKJA4cpYxRa5aVkKehYsQKc+AHeKl0Oe62aYjBL8ZA33tTljktDHJSaxxMnbI5ZYw+o/S2DxxLu8OfA==}
    engines: {node: '>=10'}
    hasBin: true
    dependencies:
      '@jridgewell/source-map': 0.3.5
      acorn: 8.10.0
      commander: 2.20.3
      source-map-support: 0.5.21
    dev: true

  /tiny-warning@1.0.3:
    resolution: {integrity: sha512-lBN9zLN/oAf68o3zNXYrdCt1kP8WsiGW8Oo2ka41b2IM5JL/S1CTyX1rW0mb/zSuJun0ZUrDxx4sqvYS2FWzPA==}
    dev: true

  /to-fast-properties@2.0.0:
    resolution: {integrity: sha1-3F5pjL0HkmW8c+A3doGk5Og/YW4=}
    engines: {node: '>=4'}
    dev: true

  /to-regex-range@5.0.1:
    resolution: {integrity: sha512-65P7iz6X5yEr1cwcgvQxbbIw7Uk3gOy5dIdtZ4rDveLqhrdJP+Li/Hx6tyK0NEb+2GCyneCMJiGqrADCSNk8sQ==}
    engines: {node: '>=8.0'}
    dependencies:
      is-number: 7.0.0
    dev: true

  /type@1.2.0:
    resolution: {integrity: sha512-+5nt5AAniqsCnu2cEQQdpzCAh33kVx8n0VoFidKpB1dVVLAN/F+bgVOqOJqOnEnrhp222clB5p3vUlD+1QAnfg==}
    dev: true

  /type@2.7.2:
    resolution: {integrity: sha512-dzlvlNlt6AXU7EBSfpAscydQ7gXB+pPGsPnfJnZpiNJBDj7IaJzQlBZYGdEi4R9HmPdBv2XmWJ6YUtoTa7lmCw==}
    dev: true

  /update-browserslist-db@1.0.11(browserslist@4.21.10):
    resolution: {integrity: sha512-dCwEFf0/oT85M1fHBg4F0jtLwJrutGoHSQXCh7u4o2t1drG+c0a9Flnqww6XUKSfQMPpJBRjU8d4RXB09qtvaA==}
    hasBin: true
    peerDependencies:
      browserslist: '>= 4.21.0'
    dependencies:
      browserslist: 4.21.10
      escalade: 3.1.1
      picocolors: 1.0.0
    dev: true

  /uri-js@4.4.1:
    resolution: {integrity: sha512-7rKUyy33Q1yc98pQ1DAmLtwX109F7TIfWlW1Ydo8Wl1ii1SeHieeh0HHfPeL2fMXK6z0s8ecKs9frCuLJvndBg==}
    dependencies:
      punycode: 2.3.0
    dev: true

  /vue@2.7.14:
    resolution: {integrity: sha512-b2qkFyOM0kwqWFuQmgd4o+uHGU7T+2z3T+WQp8UBjADfEv2n4FEMffzBmCKNP0IGzOEEfYjvtcC62xaSKeQDrQ==}
    dependencies:
      '@vue/compiler-sfc': 2.7.14
      csstype: 3.1.2
    dev: true

  /watchpack@2.4.0:
    resolution: {integrity: sha512-Lcvm7MGST/4fup+ifyKi2hjyIAwcdI4HRgtvTpIUxBRhB+RFtUh8XtDOxUfctVCnhVi+QQj49i91OyvzkJl6cg==}
    engines: {node: '>=10.13.0'}
    dependencies:
      glob-to-regexp: 0.4.1
      graceful-fs: 4.2.11
    dev: true

  /webpack-sources@3.2.3:
    resolution: {integrity: sha512-/DyMEOrDgLKKIG0fmvtz+4dUX/3Ghozwgm6iPp8KRhvn+eQf9+Q7GWxVNMk3+uCPWfdXYC4ExGBckIXdFEfH1w==}
    engines: {node: '>=10.13.0'}
    dev: true

  /webpack@5.88.2:
    resolution: {integrity: sha512-JmcgNZ1iKj+aiR0OvTYtWQqJwq37Pf683dY9bVORwVbUrDhLhdn/PlO2sHsFHPkj7sHNQF3JwaAkp49V+Sq1tQ==}
    engines: {node: '>=10.13.0'}
    hasBin: true
    peerDependencies:
      webpack-cli: '*'
    peerDependenciesMeta:
      webpack-cli:
        optional: true
    dependencies:
      '@types/eslint-scope': 3.7.4
      '@types/estree': 1.0.1
      '@webassemblyjs/ast': 1.11.6
      '@webassemblyjs/wasm-edit': 1.11.6
      '@webassemblyjs/wasm-parser': 1.11.6
      acorn: 8.10.0
      acorn-import-assertions: 1.9.0(acorn@8.10.0)
      browserslist: 4.21.10
      chrome-trace-event: 1.0.3
      enhanced-resolve: 5.15.0
      es-module-lexer: 1.3.0
      eslint-scope: 5.1.1
      events: 3.3.0
      glob-to-regexp: 0.4.1
      graceful-fs: 4.2.11
      json-parse-even-better-errors: 2.3.1
      loader-runner: 4.3.0
      mime-types: 2.1.35
      neo-async: 2.6.2
      schema-utils: 3.3.0
      tapable: 2.2.1
      terser-webpack-plugin: 5.3.9(webpack@5.88.2)
      watchpack: 2.4.0
      webpack-sources: 3.2.3
    transitivePeerDependencies:
      - '@swc/core'
      - esbuild
      - uglify-js
    dev: true

  /wildcard@1.1.2:
    resolution: {integrity: sha512-DXukZJxpHA8LuotRwL0pP1+rS6CS7FF2qStDDE1C7DDg2rLud2PXRMuEDYIPhgEezwnlHNL4c+N6MfMTjCGTng==}
    dev: true
